{
  "version": 4,
  "terraform_version": "1.0.9",
  "serial": 12,
  "lineage": "6c8c5fd7-d67f-7dcf-5be7-84a2bf999654",
  "outputs": {},
  "resources": [
    {
      "mode": "managed",
      "type": "aws_db_subnet_group",
      "name": "default",
      "provider": "provider[\"registry.terraform.io/hashicorp/aws\"]",
      "instances": [
        {
          "schema_version": 0,
          "attributes": {
            "arn": "arn:aws:rds:eu-west-2:680235478471:subgrp:main",
            "description": "Managed by Terraform",
            "id": "main",
            "name": "main",
            "name_prefix": null,
            "subnet_ids": [
              "subnet-03fdfb13a135366a7",
              "subnet-08d97e381dbc80d40"
            ],
            "tags": {
              "Name": "My DB subnet group"
            },
            "tags_all": {
              "Name": "My DB subnet group"
            }
          },
          "sensitive_attributes": [],
          "private": "bnVsbA=="
        }
      ]
    },
    {
      "mode": "managed",
      "type": "aws_rds_cluster",
      "name": "fail2",
      "provider": "provider[\"registry.terraform.io/hashicorp/aws\"]",
      "instances": [
        {
          "schema_version": 0,
          "attributes": {
            "allow_major_version_upgrade": null,
            "apply_immediately": null,
            "arn": "arn:aws:rds:eu-west-2:680235478471:cluster:tf-20211117132527796300000001",
            "availability_zones": [
              "eu-west-2a",
              "eu-west-2b",
              "eu-west-2c"
            ],
            "backtrack_window": 0,
            "backup_retention_period": 1,
            "cluster_identifier": "tf-20211117132527796300000001",
            "cluster_identifier_prefix": null,
            "cluster_members": [],
            "cluster_resource_id": "cluster-XKVXX5BOQM6GCQAPLN43LA6MF4",
            "copy_tags_to_snapshot": false,
            "database_name": null,
            "db_cluster_parameter_group_name": "default.aurora5.6",
            "db_instance_parameter_group_name": null,
            "db_subnet_group_name": "main",
            "deletion_protection": false,
            "enable_global_write_forwarding": false,
            "enable_http_endpoint": false,
            "enabled_cloudwatch_logs_exports": [],
            "endpoint": "tf-20211117132527796300000001.cluster-cfkva6djgghs.eu-west-2.rds.amazonaws.com",
            "engine": "aurora",
            "engine_mode": "provisioned",
            "engine_version": "5.6.mysql_aurora.1.22.5",
            "engine_version_actual": "5.6.mysql_aurora.1.22.5",
            "final_snapshot_identifier": null,
            "global_cluster_identifier": "",
            "hosted_zone_id": "Z1TTGA775OQIYO",
            "iam_database_authentication_enabled": false,
            "iam_roles": [],
            "id": "tf-20211117132527796300000001",
            "kms_key_id": "",
            "master_password": "password12345",
            "master_username": "james",
            "port": 3306,
            "preferred_backup_window": "02:44-03:14",
            "preferred_maintenance_window": "sat:22:03-sat:22:33",
            "reader_endpoint": "tf-20211117132527796300000001.cluster-ro-cfkva6djgghs.eu-west-2.rds.amazonaws.com",
            "replication_source_identifier": "",
            "restore_to_point_in_time": [],
            "s3_import": [],
            "scaling_configuration": [],
            "skip_final_snapshot": false,
            "snapshot_identifier": null,
            "source_region": null,
            "storage_encrypted": false,
            "tags": {},
            "tags_all": {},
            "timeouts": null,
            "vpc_security_group_ids": [
              "sg-05b27cb61c9c46bd2"
            ]
          },
          "sensitive_attributes": [],
          "private": "eyJlMmJmYjczMC1lY2FhLTExZTYtOGY4OC0zNDM2M2JjN2M0YzAiOnsiY3JlYXRlIjo3MjAwMDAwMDAwMDAwLCJkZWxldGUiOjcyMDAwMDAwMDAwMDAsInVwZGF0ZSI6NzIwMDAwMDAwMDAwMH19",
          "dependencies": [
            "aws_db_subnet_group.default"
          ]
        }
      ]
    }
  ]
}
